
Microsoft Visual Studio Solution File, Format Version 12.00
# Visual Studio 14
VisualStudioVersion = 14.0.25420.1
MinimumVisualStudioVersion = 10.0.40219.1
Project("{2150E333-8FDC-42A3-9474-1A3956D46DE8}") = "src", "src", "{47681A4C-2875-4267-A621-74AC13B7A9A9}"
EndProject
Project("{2150E333-8FDC-42A3-9474-1A3956D46DE8}") = "Solution Items", "Solution Items", "{07D2F710-8CBE-4368-95D6-0638DA15BFC8}"
	ProjectSection(SolutionItems) = preProject
		global.json = global.json
	EndProjectSection
EndProject
Project("{8BB2217D-0F2D-49D1-97BC-3654ED321F3B}") = "AspNetCoreSwagger", "src\AspNetCoreSwagger\AspNetCoreSwagger.xproj", "{A88D96FB-AC5A-4ECC-94B3-7432F62954B8}"
EndProject
Global
	GlobalSection(SolutionConfigurationPlatforms) = preSolution
		Debug|Any CPU = Debug|Any CPU
		Release|Any CPU = Release|Any CPU
	EndGlobalSection
	GlobalSection(ProjectConfigurationPlatforms) = postSolution
		{A88D96FB-AC5A-4ECC-94B3-7432F62954B8}.Debug|Any CPU.ActiveCfg = Debug|Any CPU
		{A88D96FB-AC5A-4ECC-94B3-7432F62954B8}.Debug|Any CPU.Build.0 = Debug|Any CPU
		{A88D96FB-AC5A-4ECC-94B3-7432F62954B8}.Release|Any CPU.ActiveCfg = Release|Any CPU
		{A88D96FB-AC5A-4ECC-94B3-7432F62954B8}.Release|Any CPU.Build.0 = Release|Any CPU
	EndGlobalSection
	GlobalSection(SolutionProperties) = preSolution
		HideSolutionNode = FALSE
	EndGlobalSection
	GlobalSection(NestedProjects) = preSolution
		{A88D96FB-AC5A-4ECC-94B3-7432F62954B8} = {47681A4C-2875-4267-A621-74AC13B7A9A9}
	EndGlobalSection
EndGlobal
